
Microsoft Visual Studio Solution File, Format Version 11.00
# Visual Studio 2010
Project("{FAE04EC0-301F-11D3-BF4B-00C04F79EFBC}") = "VSExplorer", "VSExplorer.csproj", "{8F760944-16E1-404E-8353-288E38B9A19D}"
EndProject
Global
	GlobalSection(SolutionConfigurationPlatforms) = preSolution
		Debug|Any CPU = Debug|Any CPU
		Release|Any CPU = Release|Any CPU
	EndGlobalSection
	GlobalSection(ProjectConfigurationPlatforms) = postSolution
		{8F760944-16E1-404E-8353-288E38B9A19D}.Debug|Any CPU.ActiveCfg = Debug|Any CPU
		{8F760944-16E1-404E-8353-288E38B9A19D}.Debug|Any CPU.Build.0 = Debug|Any CPU
		{8F760944-16E1-404E-8353-288E38B9A19D}.Release|Any CPU.ActiveCfg = Release|Any CPU
		{8F760944-16E1-404E-8353-288E38B9A19D}.Release|Any CPU.Build.0 = Release|Any CPU
	EndGlobalSection
EndGlobal
